
Microsoft Visual Studio Solution File, Format Version 12.00
# Visual Studio Version 16
VisualStudioVersion = 16.0.32602.291
MinimumVisualStudioVersion = 10.0.40219.1
Project("{FAE04EC0-301F-11D3-BF4B-00C04F79EFBC}") = "Masky", "Masky\Masky.csproj", "{CAA1AA2E-8A2A-4F98-BC51-B7CF10663FA9}"
EndProject
Global
	GlobalSection(SolutionConfigurationPlatforms) = preSolution
		Debug|Any CPU = Debug|Any CPU
		Release|Any CPU = Release|Any CPU
	EndGlobalSection
	GlobalSection(ProjectConfigurationPlatforms) = postSolution
		{CAA1AA2E-8A2A-4F98-BC51-B7CF10663FA9}.Debug|Any CPU.ActiveCfg = Debug|Any CPU
		{CAA1AA2E-8A2A-4F98-BC51-B7CF10663FA9}.Debug|Any CPU.Build.0 = Debug|Any CPU
		{CAA1AA2E-8A2A-4F98-BC51-B7CF10663FA9}.Release|Any CPU.ActiveCfg = Release|Any CPU
		{CAA1AA2E-8A2A-4F98-BC51-B7CF10663FA9}.Release|Any CPU.Build.0 = Release|Any CPU
	EndGlobalSection
	GlobalSection(SolutionProperties) = preSolution
		HideSolutionNode = FALSE
	EndGlobalSection
	GlobalSection(ExtensibilityGlobals) = postSolution
		SolutionGuid = {CD9E6236-6E62-48CE-864E-464C94146E2D}
	EndGlobalSection
EndGlobal
